
Microsoft Visual Studio Solution File, Format Version 12.00
# Visual Studio Version 17
VisualStudioVersion = 17.0.31912.275
MinimumVisualStudioVersion = 10.0.40219.1
Project("{54A90642-561A-4BB1-A94E-469ADEE60C69}") = "Net5-SignalR-Chat-Client", "Net5-SignalR-Chat-Client\Net5-SignalR-Chat-Client.esproj", "{33EA3C5C-1716-47B0-8973-0936B60714ED}"
EndProject
Global
	GlobalSection(SolutionConfigurationPlatforms) = preSolution
		Debug|Any CPU = Debug|Any CPU
		Release|Any CPU = Release|Any CPU
	EndGlobalSection
	GlobalSection(ProjectConfigurationPlatforms) = postSolution
		{33EA3C5C-1716-47B0-8973-0936B60714ED}.Debug|Any CPU.ActiveCfg = Debug|Any CPU
		{33EA3C5C-1716-47B0-8973-0936B60714ED}.Debug|Any CPU.Build.0 = Debug|Any CPU
		{33EA3C5C-1716-47B0-8973-0936B60714ED}.Debug|Any CPU.Deploy.0 = Debug|Any CPU
		{33EA3C5C-1716-47B0-8973-0936B60714ED}.Release|Any CPU.ActiveCfg = Release|Any CPU
		{33EA3C5C-1716-47B0-8973-0936B60714ED}.Release|Any CPU.Build.0 = Release|Any CPU
		{33EA3C5C-1716-47B0-8973-0936B60714ED}.Release|Any CPU.Deploy.0 = Release|Any CPU
	EndGlobalSection
	GlobalSection(SolutionProperties) = preSolution
		HideSolutionNode = FALSE
	EndGlobalSection
	GlobalSection(ExtensibilityGlobals) = postSolution
		SolutionGuid = {64A3A76D-9238-4783-8B18-5802DE7D0BA2}
	EndGlobalSection
EndGlobal
