
Microsoft Visual Studio Solution File, Format Version 12.00
# Visual Studio Version 17
VisualStudioVersion = 17.0.31912.275
MinimumVisualStudioVersion = 10.0.40219.1
Project("{FAE04EC0-301F-11D3-BF4B-00C04F79EFBC}") = "Net5.LogAndTrace.Web.API", "Net5.LogAndTrace.Web.API\Net5.LogAndTrace.Web.API.csproj", "{5E6B1FD2-EFB7-4245-BBEE-0E62854D393C}"
EndProject
Global
	GlobalSection(SolutionConfigurationPlatforms) = preSolution
		Debug|Any CPU = Debug|Any CPU
		Release|Any CPU = Release|Any CPU
	EndGlobalSection
	GlobalSection(ProjectConfigurationPlatforms) = postSolution
		{5E6B1FD2-EFB7-4245-BBEE-0E62854D393C}.Debug|Any CPU.ActiveCfg = Debug|Any CPU
		{5E6B1FD2-EFB7-4245-BBEE-0E62854D393C}.Debug|Any CPU.Build.0 = Debug|Any CPU
		{5E6B1FD2-EFB7-4245-BBEE-0E62854D393C}.Release|Any CPU.ActiveCfg = Release|Any CPU
		{5E6B1FD2-EFB7-4245-BBEE-0E62854D393C}.Release|Any CPU.Build.0 = Release|Any CPU
	EndGlobalSection
	GlobalSection(SolutionProperties) = preSolution
		HideSolutionNode = FALSE
	EndGlobalSection
	GlobalSection(ExtensibilityGlobals) = postSolution
		SolutionGuid = {8B7A9A22-C874-4FF7-AF2A-A8E56BB23213}
	EndGlobalSection
EndGlobal
