
Microsoft Visual Studio Solution File, Format Version 12.00
# Visual Studio Version 17
VisualStudioVersion = 17.0.31912.275
MinimumVisualStudioVersion = 10.0.40219.1
Project("{FAE04EC0-301F-11D3-BF4B-00C04F79EFBC}") = "Net5.GlobalizationAndlocalization.Domain", "Net5.GlobalizationAndlocalization.Domain\Net5.GlobalizationAndlocalization.Domain.csproj", "{A73DEF9E-B28F-4E8F-9077-4F325D8DF978}"
EndProject
Project("{FAE04EC0-301F-11D3-BF4B-00C04F79EFBC}") = "Net5.GlobalizationAndlocalization.Infrastructure", "Net5.GlobalizationAndlocalization.Infrastructure\Net5.GlobalizationAndlocalization.Infrastructure.csproj", "{56C70003-DF6C-4D62-9659-F7A805E21B01}"
EndProject
Project("{FAE04EC0-301F-11D3-BF4B-00C04F79EFBC}") = "Net5.GlobalizationAndlocalization.Web", "Net5.GlobalizationAndlocalization.Web\Net5.GlobalizationAndlocalization.Web.csproj", "{20664C5C-191A-4B65-8506-85E6BCF56FD8}"
EndProject
Project("{FAE04EC0-301F-11D3-BF4B-00C04F79EFBC}") = "Net5.GlobalizationAndlocalization.CultureInfoApp", "Net5.GlobalizationAndlocalization.CultureInfoApp\Net5.GlobalizationAndlocalization.CultureInfoApp.csproj", "{5CDD28DB-FD09-4AA1-AA28-EDF1C75802CB}"
EndProject
Project("{FAE04EC0-301F-11D3-BF4B-00C04F79EFBC}") = "Net5.GlobalizationAndlocalization.UsingResourceFiles", "Net5.GlobalizationAndlocalization.UsingResourceFiles\Net5.GlobalizationAndlocalization.UsingResourceFiles.csproj", "{12FF71E7-887B-4C3F-B0A7-BA5B7C03AFED}"
EndProject
Project("{FAE04EC0-301F-11D3-BF4B-00C04F79EFBC}") = "Net5.GlobalizationAndlocalization.DisplayingNumbersAsStrings", "Net5.GlobalizationAndlocalization.DisplayingNumbersAsStrings\Net5.GlobalizationAndlocalization.DisplayingNumbersAsStrings.csproj", "{5BBF3627-6D56-43D7-94E3-668846C9DFDC}"
EndProject
Project("{FAE04EC0-301F-11D3-BF4B-00C04F79EFBC}") = "Net5.GlobalizationAndlocalization.UsingCustomNumericFormatStrings", "Net5.GlobalizationAndlocalization.UsingCustomNumericFormatStrings\Net5.GlobalizationAndlocalization.UsingCustomNumericFormatStrings.csproj", "{B1C7DBB9-8037-4C8E-9783-8C9E3492148A}"
EndProject
Project("{FAE04EC0-301F-11D3-BF4B-00C04F79EFBC}") = "Net5.GlobalizationAndlocalization.ParsingAndPersistingNumbers", "Net5.GlobalizationAndlocalization.ParsingAndPersistingNumbers\Net5.GlobalizationAndlocalization.ParsingAndPersistingNumbers.csproj", "{D0EA899A-47E5-4D68-9489-271754D3CA32}"
EndProject
Project("{FAE04EC0-301F-11D3-BF4B-00C04F79EFBC}") = "Net5.GlobalizationAndlocalization.UnitsOfMeasure", "Net5.GlobalizationAndlocalization.UnitsOfMeasure\Net5.GlobalizationAndlocalization.UnitsOfMeasure.csproj", "{D17B247F-62A3-49A6-A19A-AB64818260EE}"
EndProject
Project("{FAE04EC0-301F-11D3-BF4B-00C04F79EFBC}") = "Net5.GlobalizationAndlocalization.IntroducingDateTimeOffset", "Net5.GlobalizationAndlocalization.IntroducingDateTimeOffset\Net5.GlobalizationAndlocalization.IntroducingDateTimeOffset.csproj", "{399C1F44-1D7A-4AEB-9436-60BCA6368418}"
EndProject
Project("{FAE04EC0-301F-11D3-BF4B-00C04F79EFBC}") = "Net5.GlobalizationAndlocalization.ParsingAndPersistingDates", "Net5.GlobalizationAndlocalization.ParsingAndPersistingDates\Net5.GlobalizationAndlocalization.ParsingAndPersistingDates.csproj", "{61D6FE12-A585-4991-BBA6-BFC870079A09}"
EndProject
Project("{FAE04EC0-301F-11D3-BF4B-00C04F79EFBC}") = "Net5.GlobalizationAndlocalization.AddingAndSubtractingDates", "Net5.GlobalizationAndlocalization.AddingAndSubtractingDates\Net5.GlobalizationAndlocalization.AddingAndSubtractingDates.csproj", "{CC4F9ED0-B209-45BC-A645-8BD87713C9C5}"
EndProject
Project("{FAE04EC0-301F-11D3-BF4B-00C04F79EFBC}") = "Net5.GlobalizationAndlocalization.WorkingWithUnixTimestamps", "Net5.GlobalizationAndlocalization.WorkingWithUnixTimestamps\Net5.GlobalizationAndlocalization.WorkingWithUnixTimestamps.csproj", "{24411D15-3DD6-4250-B03F-652F951887CD}"
EndProject
Project("{FAE04EC0-301F-11D3-BF4B-00C04F79EFBC}") = "Net5.GlobalizationAndlocalization.ComparingStrings", "Net5.GlobalizationAndlocalization.ComparingStrings\Net5.GlobalizationAndlocalization.ComparingStrings.csproj", "{30B62348-DECF-42BE-984D-43661B8A1263}"
EndProject
Project("{FAE04EC0-301F-11D3-BF4B-00C04F79EFBC}") = "Net5.GlobalizationAndlocalization.SortingAnArrayOfStrings", "Net5.GlobalizationAndlocalization.SortingAnArrayOfStrings\Net5.GlobalizationAndlocalization.SortingAnArrayOfStrings.csproj", "{91965938-9FE5-4C57-BB90-D6239F810917}"
EndProject
Project("{FAE04EC0-301F-11D3-BF4B-00C04F79EFBC}") = "Net5.GlobalizationAndlocalization.SearchingForAString", "Net5.GlobalizationAndlocalization.SearchingForAString\Net5.GlobalizationAndlocalization.SearchingForAString.csproj", "{28ED4439-1643-411B-A6A2-1B04813B9CA6}"
EndProject
Project("{2150E333-8FDC-42A3-9474-1A3956D46DE8}") = "00-Shared", "00-Shared", "{9502F680-564B-4AD9-8374-193DD140E328}"
EndProject
Project("{2150E333-8FDC-42A3-9474-1A3956D46DE8}") = "01-CultureInfo", "01-CultureInfo", "{F73630BE-BDDD-4C36-ADC7-8F3F89BA96A3}"
EndProject
Project("{2150E333-8FDC-42A3-9474-1A3956D46DE8}") = "02-Globalizing NET Applications", "02-Globalizing NET Applications", "{946CE713-5DC4-4B80-BE3E-FB456B8F92D0}"
EndProject
Project("{2150E333-8FDC-42A3-9474-1A3956D46DE8}") = "03-Displaying Numbers as Strings", "03-Displaying Numbers as Strings", "{FC560FCB-DE0E-4A9D-ACAA-0419310960B6}"
EndProject
Project("{2150E333-8FDC-42A3-9474-1A3956D46DE8}") = "04-Using Custom Numeric Format Strings", "04-Using Custom Numeric Format Strings", "{C6D35F9F-0919-4D71-A707-22A4418C323E}"
EndProject
Project("{2150E333-8FDC-42A3-9474-1A3956D46DE8}") = "05-Parsing and Persisting Numbers", "05-Parsing and Persisting Numbers", "{F55DD8E2-34A4-4E29-BA7E-BF70978D2BBA}"
EndProject
Project("{2150E333-8FDC-42A3-9474-1A3956D46DE8}") = "06-Units of Measure", "06-Units of Measure", "{FB95BF7A-1D64-40A0-BF2B-AF7F84DD887A}"
EndProject
Project("{2150E333-8FDC-42A3-9474-1A3956D46DE8}") = "07-Introducing DateTimeOffset", "07-Introducing DateTimeOffset", "{AD3B3AC4-8705-4B01-BD20-16331D879F42}"
EndProject
Project("{2150E333-8FDC-42A3-9474-1A3956D46DE8}") = "08-Parsing and Persisting Dates", "08-Parsing and Persisting Dates", "{016847E3-05F1-4AD6-A191-0B2D8182EF1B}"
EndProject
Project("{2150E333-8FDC-42A3-9474-1A3956D46DE8}") = "09-Adding and Subtracting Dates", "09-Adding and Subtracting Dates", "{5655AA46-AA60-4CED-8B2B-8431341809C8}"
EndProject
Project("{2150E333-8FDC-42A3-9474-1A3956D46DE8}") = "10-Working with Unix Timestamps", "10-Working with Unix Timestamps", "{2E31B514-76E6-45D5-BCAF-D0E7D6A8A5EB}"
EndProject
Project("{2150E333-8FDC-42A3-9474-1A3956D46DE8}") = "11-Comparing Strings", "11-Comparing Strings", "{32E4F40D-CD4C-4F22-8B0A-F7281AC15B14}"
EndProject
Project("{2150E333-8FDC-42A3-9474-1A3956D46DE8}") = "12-Sorting an Array of Strings", "12-Sorting an Array of Strings", "{8128DB4C-1E56-445B-B35D-A70071808622}"
EndProject
Project("{2150E333-8FDC-42A3-9474-1A3956D46DE8}") = "13-Searching for a String", "13-Searching for a String", "{2E0CB25F-C20D-4966-A7E3-D73C6662471A}"
EndProject
Project("{2150E333-8FDC-42A3-9474-1A3956D46DE8}") = "14-Example Application", "14-Example Application", "{9CBAE5F7-91F4-4B6D-B967-CEF5B643859A}"
EndProject
Global
	GlobalSection(SolutionConfigurationPlatforms) = preSolution
		Debug|Any CPU = Debug|Any CPU
		Release|Any CPU = Release|Any CPU
	EndGlobalSection
	GlobalSection(ProjectConfigurationPlatforms) = postSolution
		{A73DEF9E-B28F-4E8F-9077-4F325D8DF978}.Debug|Any CPU.ActiveCfg = Debug|Any CPU
		{A73DEF9E-B28F-4E8F-9077-4F325D8DF978}.Debug|Any CPU.Build.0 = Debug|Any CPU
		{A73DEF9E-B28F-4E8F-9077-4F325D8DF978}.Release|Any CPU.ActiveCfg = Release|Any CPU
		{A73DEF9E-B28F-4E8F-9077-4F325D8DF978}.Release|Any CPU.Build.0 = Release|Any CPU
		{56C70003-DF6C-4D62-9659-F7A805E21B01}.Debug|Any CPU.ActiveCfg = Debug|Any CPU
		{56C70003-DF6C-4D62-9659-F7A805E21B01}.Debug|Any CPU.Build.0 = Debug|Any CPU
		{56C70003-DF6C-4D62-9659-F7A805E21B01}.Release|Any CPU.ActiveCfg = Release|Any CPU
		{56C70003-DF6C-4D62-9659-F7A805E21B01}.Release|Any CPU.Build.0 = Release|Any CPU
		{20664C5C-191A-4B65-8506-85E6BCF56FD8}.Debug|Any CPU.ActiveCfg = Debug|Any CPU
		{20664C5C-191A-4B65-8506-85E6BCF56FD8}.Debug|Any CPU.Build.0 = Debug|Any CPU
		{20664C5C-191A-4B65-8506-85E6BCF56FD8}.Release|Any CPU.ActiveCfg = Release|Any CPU
		{20664C5C-191A-4B65-8506-85E6BCF56FD8}.Release|Any CPU.Build.0 = Release|Any CPU
		{5CDD28DB-FD09-4AA1-AA28-EDF1C75802CB}.Debug|Any CPU.ActiveCfg = Debug|Any CPU
		{5CDD28DB-FD09-4AA1-AA28-EDF1C75802CB}.Debug|Any CPU.Build.0 = Debug|Any CPU
		{5CDD28DB-FD09-4AA1-AA28-EDF1C75802CB}.Release|Any CPU.ActiveCfg = Release|Any CPU
		{5CDD28DB-FD09-4AA1-AA28-EDF1C75802CB}.Release|Any CPU.Build.0 = Release|Any CPU
		{12FF71E7-887B-4C3F-B0A7-BA5B7C03AFED}.Debug|Any CPU.ActiveCfg = Debug|Any CPU
		{12FF71E7-887B-4C3F-B0A7-BA5B7C03AFED}.Debug|Any CPU.Build.0 = Debug|Any CPU
		{12FF71E7-887B-4C3F-B0A7-BA5B7C03AFED}.Release|Any CPU.ActiveCfg = Release|Any CPU
		{12FF71E7-887B-4C3F-B0A7-BA5B7C03AFED}.Release|Any CPU.Build.0 = Release|Any CPU
		{5BBF3627-6D56-43D7-94E3-668846C9DFDC}.Debug|Any CPU.ActiveCfg = Debug|Any CPU
		{5BBF3627-6D56-43D7-94E3-668846C9DFDC}.Debug|Any CPU.Build.0 = Debug|Any CPU
		{5BBF3627-6D56-43D7-94E3-668846C9DFDC}.Release|Any CPU.ActiveCfg = Release|Any CPU
		{5BBF3627-6D56-43D7-94E3-668846C9DFDC}.Release|Any CPU.Build.0 = Release|Any CPU
		{B1C7DBB9-8037-4C8E-9783-8C9E3492148A}.Debug|Any CPU.ActiveCfg = Debug|Any CPU
		{B1C7DBB9-8037-4C8E-9783-8C9E3492148A}.Debug|Any CPU.Build.0 = Debug|Any CPU
		{B1C7DBB9-8037-4C8E-9783-8C9E3492148A}.Release|Any CPU.ActiveCfg = Release|Any CPU
		{B1C7DBB9-8037-4C8E-9783-8C9E3492148A}.Release|Any CPU.Build.0 = Release|Any CPU
		{D0EA899A-47E5-4D68-9489-271754D3CA32}.Debug|Any CPU.ActiveCfg = Debug|Any CPU
		{D0EA899A-47E5-4D68-9489-271754D3CA32}.Debug|Any CPU.Build.0 = Debug|Any CPU
		{D0EA899A-47E5-4D68-9489-271754D3CA32}.Release|Any CPU.ActiveCfg = Release|Any CPU
		{D0EA899A-47E5-4D68-9489-271754D3CA32}.Release|Any CPU.Build.0 = Release|Any CPU
		{D17B247F-62A3-49A6-A19A-AB64818260EE}.Debug|Any CPU.ActiveCfg = Debug|Any CPU
		{D17B247F-62A3-49A6-A19A-AB64818260EE}.Debug|Any CPU.Build.0 = Debug|Any CPU
		{D17B247F-62A3-49A6-A19A-AB64818260EE}.Release|Any CPU.ActiveCfg = Release|Any CPU
		{D17B247F-62A3-49A6-A19A-AB64818260EE}.Release|Any CPU.Build.0 = Release|Any CPU
		{399C1F44-1D7A-4AEB-9436-60BCA6368418}.Debug|Any CPU.ActiveCfg = Debug|Any CPU
		{399C1F44-1D7A-4AEB-9436-60BCA6368418}.Debug|Any CPU.Build.0 = Debug|Any CPU
		{399C1F44-1D7A-4AEB-9436-60BCA6368418}.Release|Any CPU.ActiveCfg = Release|Any CPU
		{399C1F44-1D7A-4AEB-9436-60BCA6368418}.Release|Any CPU.Build.0 = Release|Any CPU
		{61D6FE12-A585-4991-BBA6-BFC870079A09}.Debug|Any CPU.ActiveCfg = Debug|Any CPU
		{61D6FE12-A585-4991-BBA6-BFC870079A09}.Debug|Any CPU.Build.0 = Debug|Any CPU
		{61D6FE12-A585-4991-BBA6-BFC870079A09}.Release|Any CPU.ActiveCfg = Release|Any CPU
		{61D6FE12-A585-4991-BBA6-BFC870079A09}.Release|Any CPU.Build.0 = Release|Any CPU
		{CC4F9ED0-B209-45BC-A645-8BD87713C9C5}.Debug|Any CPU.ActiveCfg = Debug|Any CPU
		{CC4F9ED0-B209-45BC-A645-8BD87713C9C5}.Debug|Any CPU.Build.0 = Debug|Any CPU
		{CC4F9ED0-B209-45BC-A645-8BD87713C9C5}.Release|Any CPU.ActiveCfg = Release|Any CPU
		{CC4F9ED0-B209-45BC-A645-8BD87713C9C5}.Release|Any CPU.Build.0 = Release|Any CPU
		{24411D15-3DD6-4250-B03F-652F951887CD}.Debug|Any CPU.ActiveCfg = Debug|Any CPU
		{24411D15-3DD6-4250-B03F-652F951887CD}.Debug|Any CPU.Build.0 = Debug|Any CPU
		{24411D15-3DD6-4250-B03F-652F951887CD}.Release|Any CPU.ActiveCfg = Release|Any CPU
		{24411D15-3DD6-4250-B03F-652F951887CD}.Release|Any CPU.Build.0 = Release|Any CPU
		{30B62348-DECF-42BE-984D-43661B8A1263}.Debug|Any CPU.ActiveCfg = Debug|Any CPU
		{30B62348-DECF-42BE-984D-43661B8A1263}.Debug|Any CPU.Build.0 = Debug|Any CPU
		{30B62348-DECF-42BE-984D-43661B8A1263}.Release|Any CPU.ActiveCfg = Release|Any CPU
		{30B62348-DECF-42BE-984D-43661B8A1263}.Release|Any CPU.Build.0 = Release|Any CPU
		{91965938-9FE5-4C57-BB90-D6239F810917}.Debug|Any CPU.ActiveCfg = Debug|Any CPU
		{91965938-9FE5-4C57-BB90-D6239F810917}.Debug|Any CPU.Build.0 = Debug|Any CPU
		{91965938-9FE5-4C57-BB90-D6239F810917}.Release|Any CPU.ActiveCfg = Release|Any CPU
		{91965938-9FE5-4C57-BB90-D6239F810917}.Release|Any CPU.Build.0 = Release|Any CPU
		{28ED4439-1643-411B-A6A2-1B04813B9CA6}.Debug|Any CPU.ActiveCfg = Debug|Any CPU
		{28ED4439-1643-411B-A6A2-1B04813B9CA6}.Debug|Any CPU.Build.0 = Debug|Any CPU
		{28ED4439-1643-411B-A6A2-1B04813B9CA6}.Release|Any CPU.ActiveCfg = Release|Any CPU
		{28ED4439-1643-411B-A6A2-1B04813B9CA6}.Release|Any CPU.Build.0 = Release|Any CPU
	EndGlobalSection
	GlobalSection(SolutionProperties) = preSolution
		HideSolutionNode = FALSE
	EndGlobalSection
	GlobalSection(NestedProjects) = preSolution
		{A73DEF9E-B28F-4E8F-9077-4F325D8DF978} = {9502F680-564B-4AD9-8374-193DD140E328}
		{56C70003-DF6C-4D62-9659-F7A805E21B01} = {9502F680-564B-4AD9-8374-193DD140E328}
		{20664C5C-191A-4B65-8506-85E6BCF56FD8} = {9CBAE5F7-91F4-4B6D-B967-CEF5B643859A}
		{5CDD28DB-FD09-4AA1-AA28-EDF1C75802CB} = {F73630BE-BDDD-4C36-ADC7-8F3F89BA96A3}
		{12FF71E7-887B-4C3F-B0A7-BA5B7C03AFED} = {946CE713-5DC4-4B80-BE3E-FB456B8F92D0}
		{5BBF3627-6D56-43D7-94E3-668846C9DFDC} = {FC560FCB-DE0E-4A9D-ACAA-0419310960B6}
		{B1C7DBB9-8037-4C8E-9783-8C9E3492148A} = {C6D35F9F-0919-4D71-A707-22A4418C323E}
		{D0EA899A-47E5-4D68-9489-271754D3CA32} = {F55DD8E2-34A4-4E29-BA7E-BF70978D2BBA}
		{D17B247F-62A3-49A6-A19A-AB64818260EE} = {FB95BF7A-1D64-40A0-BF2B-AF7F84DD887A}
		{399C1F44-1D7A-4AEB-9436-60BCA6368418} = {AD3B3AC4-8705-4B01-BD20-16331D879F42}
		{61D6FE12-A585-4991-BBA6-BFC870079A09} = {016847E3-05F1-4AD6-A191-0B2D8182EF1B}
		{CC4F9ED0-B209-45BC-A645-8BD87713C9C5} = {5655AA46-AA60-4CED-8B2B-8431341809C8}
		{24411D15-3DD6-4250-B03F-652F951887CD} = {2E31B514-76E6-45D5-BCAF-D0E7D6A8A5EB}
		{30B62348-DECF-42BE-984D-43661B8A1263} = {32E4F40D-CD4C-4F22-8B0A-F7281AC15B14}
		{91965938-9FE5-4C57-BB90-D6239F810917} = {8128DB4C-1E56-445B-B35D-A70071808622}
		{28ED4439-1643-411B-A6A2-1B04813B9CA6} = {2E0CB25F-C20D-4966-A7E3-D73C6662471A}
	EndGlobalSection
	GlobalSection(ExtensibilityGlobals) = postSolution
		SolutionGuid = {2A6E3706-231C-4D55-AFA2-FF99F4AE45BC}
	EndGlobalSection
EndGlobal
